
Microsoft Visual Studio Solution File, Format Version 12.00
# Visual Studio Version 16
VisualStudioVersion = 16.0.29806.167
MinimumVisualStudioVersion = 10.0.40219.1
Project("{FAE04EC0-301F-11D3-BF4B-00C04F79EFBC}") = "herbert_shield", "herbert_shield\herbert_shield.csproj", "{B95D60C4-D405-4633-889E-7E59C750824F}"
EndProject
Project("{FAE04EC0-301F-11D3-BF4B-00C04F79EFBC}") = "1_Example", "1_Example\1_Example.csproj", "{F5773274-E19B-40EA-9A5C-14C11580338B}"
EndProject
Project("{FAE04EC0-301F-11D3-BF4B-00C04F79EFBC}") = "2_Example2", "2_Example2\2_Example2.csproj", "{2FF41A7B-BAB7-4AA8-943A-EB8BCFB633D6}"
EndProject
Project("{FAE04EC0-301F-11D3-BF4B-00C04F79EFBC}") = "3_Example3", "3_Example3\3_Example3.csproj", "{89C22CAC-5C7F-450E-A7D2-B6FC23A6EA4F}"
EndProject
Project("{FAE04EC0-301F-11D3-BF4B-00C04F79EFBC}") = "4_Circle", "4_Circle\4_Circle.csproj", "{9B412FE3-D485-4327-A8C3-8A14CD4701BA}"
EndProject
Project("{FAE04EC0-301F-11D3-BF4B-00C04F79EFBC}") = "5_IfDemo", "5_IfDemo\5_IfDemo.csproj", "{C1885022-9510-49D8-9BB4-E11D3B56B39E}"
EndProject
Project("{FAE04EC0-301F-11D3-BF4B-00C04F79EFBC}") = "6_ForDemo", "6_ForDemo\6_ForDemo.csproj", "{EC5859CB-F7C7-41A9-A886-99479BAB4B81}"
EndProject
Project("{FAE04EC0-301F-11D3-BF4B-00C04F79EFBC}") = "7_BlockDemo", "7_BlockDemo\7_BlockDemo.csproj", "{AD5E1531-1E77-4BD2-A2FF-90541D2FCAC9}"
EndProject
Project("{FAE04EC0-301F-11D3-BF4B-00C04F79EFBC}") = "8_ProdSum", "8_ProdSum\8_ProdSum.csproj", "{019A9DE8-87E5-4CBD-A360-94AF27E2D0A8}"
EndProject
Project("{FAE04EC0-301F-11D3-BF4B-00C04F79EFBC}") = "9_IdTest", "9_IdTest\9_IdTest.csproj", "{BAFF2F18-BF96-49C7-81E8-2F9D88FF68C2}"
EndProject
Project("{FAE04EC0-301F-11D3-BF4B-00C04F79EFBC}") = "10_Inches", "10_Inches\10_Inches.csproj", "{1BB317A7-897B-44C6-B7A9-07CA333FB453}"
EndProject
Global
	GlobalSection(SolutionConfigurationPlatforms) = preSolution
		Debug|Any CPU = Debug|Any CPU
		Release|Any CPU = Release|Any CPU
	EndGlobalSection
	GlobalSection(ProjectConfigurationPlatforms) = postSolution
		{B95D60C4-D405-4633-889E-7E59C750824F}.Debug|Any CPU.ActiveCfg = Debug|Any CPU
		{B95D60C4-D405-4633-889E-7E59C750824F}.Debug|Any CPU.Build.0 = Debug|Any CPU
		{B95D60C4-D405-4633-889E-7E59C750824F}.Release|Any CPU.ActiveCfg = Release|Any CPU
		{B95D60C4-D405-4633-889E-7E59C750824F}.Release|Any CPU.Build.0 = Release|Any CPU
		{F5773274-E19B-40EA-9A5C-14C11580338B}.Debug|Any CPU.ActiveCfg = Debug|Any CPU
		{F5773274-E19B-40EA-9A5C-14C11580338B}.Debug|Any CPU.Build.0 = Debug|Any CPU
		{F5773274-E19B-40EA-9A5C-14C11580338B}.Release|Any CPU.ActiveCfg = Release|Any CPU
		{F5773274-E19B-40EA-9A5C-14C11580338B}.Release|Any CPU.Build.0 = Release|Any CPU
		{2FF41A7B-BAB7-4AA8-943A-EB8BCFB633D6}.Debug|Any CPU.ActiveCfg = Debug|Any CPU
		{2FF41A7B-BAB7-4AA8-943A-EB8BCFB633D6}.Debug|Any CPU.Build.0 = Debug|Any CPU
		{2FF41A7B-BAB7-4AA8-943A-EB8BCFB633D6}.Release|Any CPU.ActiveCfg = Release|Any CPU
		{2FF41A7B-BAB7-4AA8-943A-EB8BCFB633D6}.Release|Any CPU.Build.0 = Release|Any CPU
		{89C22CAC-5C7F-450E-A7D2-B6FC23A6EA4F}.Debug|Any CPU.ActiveCfg = Debug|Any CPU
		{89C22CAC-5C7F-450E-A7D2-B6FC23A6EA4F}.Debug|Any CPU.Build.0 = Debug|Any CPU
		{89C22CAC-5C7F-450E-A7D2-B6FC23A6EA4F}.Release|Any CPU.ActiveCfg = Release|Any CPU
		{89C22CAC-5C7F-450E-A7D2-B6FC23A6EA4F}.Release|Any CPU.Build.0 = Release|Any CPU
		{9B412FE3-D485-4327-A8C3-8A14CD4701BA}.Debug|Any CPU.ActiveCfg = Debug|Any CPU
		{9B412FE3-D485-4327-A8C3-8A14CD4701BA}.Debug|Any CPU.Build.0 = Debug|Any CPU
		{9B412FE3-D485-4327-A8C3-8A14CD4701BA}.Release|Any CPU.ActiveCfg = Release|Any CPU
		{9B412FE3-D485-4327-A8C3-8A14CD4701BA}.Release|Any CPU.Build.0 = Release|Any CPU
		{C1885022-9510-49D8-9BB4-E11D3B56B39E}.Debug|Any CPU.ActiveCfg = Debug|Any CPU
		{C1885022-9510-49D8-9BB4-E11D3B56B39E}.Debug|Any CPU.Build.0 = Debug|Any CPU
		{C1885022-9510-49D8-9BB4-E11D3B56B39E}.Release|Any CPU.ActiveCfg = Release|Any CPU
		{C1885022-9510-49D8-9BB4-E11D3B56B39E}.Release|Any CPU.Build.0 = Release|Any CPU
		{EC5859CB-F7C7-41A9-A886-99479BAB4B81}.Debug|Any CPU.ActiveCfg = Debug|Any CPU
		{EC5859CB-F7C7-41A9-A886-99479BAB4B81}.Debug|Any CPU.Build.0 = Debug|Any CPU
		{EC5859CB-F7C7-41A9-A886-99479BAB4B81}.Release|Any CPU.ActiveCfg = Release|Any CPU
		{EC5859CB-F7C7-41A9-A886-99479BAB4B81}.Release|Any CPU.Build.0 = Release|Any CPU
		{AD5E1531-1E77-4BD2-A2FF-90541D2FCAC9}.Debug|Any CPU.ActiveCfg = Debug|Any CPU
		{AD5E1531-1E77-4BD2-A2FF-90541D2FCAC9}.Debug|Any CPU.Build.0 = Debug|Any CPU
		{AD5E1531-1E77-4BD2-A2FF-90541D2FCAC9}.Release|Any CPU.ActiveCfg = Release|Any CPU
		{AD5E1531-1E77-4BD2-A2FF-90541D2FCAC9}.Release|Any CPU.Build.0 = Release|Any CPU
		{019A9DE8-87E5-4CBD-A360-94AF27E2D0A8}.Debug|Any CPU.ActiveCfg = Debug|Any CPU
		{019A9DE8-87E5-4CBD-A360-94AF27E2D0A8}.Debug|Any CPU.Build.0 = Debug|Any CPU
		{019A9DE8-87E5-4CBD-A360-94AF27E2D0A8}.Release|Any CPU.ActiveCfg = Release|Any CPU
		{019A9DE8-87E5-4CBD-A360-94AF27E2D0A8}.Release|Any CPU.Build.0 = Release|Any CPU
		{BAFF2F18-BF96-49C7-81E8-2F9D88FF68C2}.Debug|Any CPU.ActiveCfg = Debug|Any CPU
		{BAFF2F18-BF96-49C7-81E8-2F9D88FF68C2}.Debug|Any CPU.Build.0 = Debug|Any CPU
		{BAFF2F18-BF96-49C7-81E8-2F9D88FF68C2}.Release|Any CPU.ActiveCfg = Release|Any CPU
		{BAFF2F18-BF96-49C7-81E8-2F9D88FF68C2}.Release|Any CPU.Build.0 = Release|Any CPU
		{1BB317A7-897B-44C6-B7A9-07CA333FB453}.Debug|Any CPU.ActiveCfg = Debug|Any CPU
		{1BB317A7-897B-44C6-B7A9-07CA333FB453}.Debug|Any CPU.Build.0 = Debug|Any CPU
		{1BB317A7-897B-44C6-B7A9-07CA333FB453}.Release|Any CPU.ActiveCfg = Release|Any CPU
		{1BB317A7-897B-44C6-B7A9-07CA333FB453}.Release|Any CPU.Build.0 = Release|Any CPU
	EndGlobalSection
	GlobalSection(SolutionProperties) = preSolution
		HideSolutionNode = FALSE
	EndGlobalSection
	GlobalSection(ExtensibilityGlobals) = postSolution
		SolutionGuid = {26302333-D51A-4110-B504-6288B71BEFAF}
	EndGlobalSection
EndGlobal
