
Microsoft Visual Studio Solution File, Format Version 12.00
# Visual Studio Version 16
VisualStudioVersion = 16.0.29806.167
MinimumVisualStudioVersion = 10.0.40219.1
Project("{FAE04EC0-301F-11D3-BF4B-00C04F79EFBC}") = "000_herbert_shield", "herbert_shield\000_herbert_shield.csproj", "{B95D60C4-D405-4633-889E-7E59C750824F}"
EndProject
Project("{FAE04EC0-301F-11D3-BF4B-00C04F79EFBC}") = "001_Example", "1_Example\001_Example.csproj", "{F5773274-E19B-40EA-9A5C-14C11580338B}"
EndProject
Project("{FAE04EC0-301F-11D3-BF4B-00C04F79EFBC}") = "002_Example2", "2_Example2\002_Example2.csproj", "{2FF41A7B-BAB7-4AA8-943A-EB8BCFB633D6}"
EndProject
Project("{FAE04EC0-301F-11D3-BF4B-00C04F79EFBC}") = "003_Example3", "3_Example3\003_Example3.csproj", "{89C22CAC-5C7F-450E-A7D2-B6FC23A6EA4F}"
EndProject
Project("{FAE04EC0-301F-11D3-BF4B-00C04F79EFBC}") = "004_Circle", "4_Circle\004_Circle.csproj", "{9B412FE3-D485-4327-A8C3-8A14CD4701BA}"
EndProject
Project("{FAE04EC0-301F-11D3-BF4B-00C04F79EFBC}") = "005_IfDemo", "5_IfDemo\005_IfDemo.csproj", "{C1885022-9510-49D8-9BB4-E11D3B56B39E}"
EndProject
Project("{FAE04EC0-301F-11D3-BF4B-00C04F79EFBC}") = "006_ForDemo", "6_ForDemo\006_ForDemo.csproj", "{EC5859CB-F7C7-41A9-A886-99479BAB4B81}"
EndProject
Project("{FAE04EC0-301F-11D3-BF4B-00C04F79EFBC}") = "007_BlockDemo", "7_BlockDemo\007_BlockDemo.csproj", "{AD5E1531-1E77-4BD2-A2FF-90541D2FCAC9}"
EndProject
Project("{FAE04EC0-301F-11D3-BF4B-00C04F79EFBC}") = "008_ProdSum", "8_ProdSum\008_ProdSum.csproj", "{019A9DE8-87E5-4CBD-A360-94AF27E2D0A8}"
EndProject
Project("{FAE04EC0-301F-11D3-BF4B-00C04F79EFBC}") = "009_IdTest", "9_IdTest\009_IdTest.csproj", "{BAFF2F18-BF96-49C7-81E8-2F9D88FF68C2}"
EndProject
Project("{FAE04EC0-301F-11D3-BF4B-00C04F79EFBC}") = "010_Inches", "10_Inches\010_Inches.csproj", "{1BB317A7-897B-44C6-B7A9-07CA333FB453}"
EndProject
Project("{FAE04EC0-301F-11D3-BF4B-00C04F79EFBC}") = "011_Use_byte", "11_Use_byte\011_Use_byte.csproj", "{8C29E0DB-A638-4671-9255-0CC91187E511}"
EndProject
Project("{FAE04EC0-301F-11D3-BF4B-00C04F79EFBC}") = "012_FindRadius", "12_FindRadius\012_FindRadius.csproj", "{30D7830F-563B-432F-B502-283D89F5AACC}"
EndProject
Project("{FAE04EC0-301F-11D3-BF4B-00C04F79EFBC}") = "013_Trigonometry", "013_Trigonometry\013_Trigonometry.csproj", "{25AB6306-C364-43CE-B5E3-D3DED98D9DE3}"
EndProject
Project("{FAE04EC0-301F-11D3-BF4B-00C04F79EFBC}") = "014_UseDecimal", "014_UseDecimal\014_UseDecimal.csproj", "{DCB7BB9F-A0B9-4D4F-AC1B-159B2D000974}"
EndProject
Project("{FAE04EC0-301F-11D3-BF4B-00C04F79EFBC}") = "015_FutVal", "015_FutVal\015_FutVal.csproj", "{FFD01FBC-6093-458F-831D-6220369308CD}"
EndProject
Project("{FAE04EC0-301F-11D3-BF4B-00C04F79EFBC}") = "016_BoolDemo", "016_BoolDemo\016_BoolDemo.csproj", "{BFB7808C-3425-4152-BCD3-3833EAA4F5C0}"
EndProject
Project("{FAE04EC0-301F-11D3-BF4B-00C04F79EFBC}") = "017_DisplayOptions", "017_DisplayOptions\017_DisplayOptions.csproj", "{E39CEE18-9A4D-49F6-8CD0-6386796B5D30}"
EndProject
Project("{FAE04EC0-301F-11D3-BF4B-00C04F79EFBC}") = "018_StrDemo", "018_StrDemo\018_StrDemo.csproj", "{085E790B-D730-4503-8571-4B03C41B319C}"
EndProject
Project("{FAE04EC0-301F-11D3-BF4B-00C04F79EFBC}") = "019_Verbatim", "019_Verbatim\019_Verbatim.csproj", "{90EA0D7D-27CE-4D2D-9FE7-62040D2617AB}"
EndProject
Project("{FAE04EC0-301F-11D3-BF4B-00C04F79EFBC}") = "020_DynInit", "020_DynInit\020_DynInit.csproj", "{86FB123B-D084-48FF-99DF-DE95C0CBB653}"
EndProject
Project("{FAE04EC0-301F-11D3-BF4B-00C04F79EFBC}") = "021_ImplicitlyTypedVar", "021_ImplicitlyTypedVar\021_ImplicitlyTypedVar.csproj", "{5E16DF40-1AB9-4EF1-8CDE-69D3BD3F6413}"
EndProject
Project("{FAE04EC0-301F-11D3-BF4B-00C04F79EFBC}") = "022_ScopeDemo", "022_ScopeDemo\022_ScopeDemo.csproj", "{F3ACFC43-B6C6-498B-AE2E-82FEA0C46D74}"
EndProject
Project("{FAE04EC0-301F-11D3-BF4B-00C04F79EFBC}") = "023_VarInitDemo", "023_VarInitDemo\023_VarInitDemo.csproj", "{09C6CC44-77C5-4204-8D1A-493267881F48}"
EndProject
Project("{FAE04EC0-301F-11D3-BF4B-00C04F79EFBC}") = "024_LtoD", "024_LtoD\024_LtoD.csproj", "{F5DC853A-B9D8-45AB-A61F-7FDE9437F05E}"
EndProject
Project("{FAE04EC0-301F-11D3-BF4B-00C04F79EFBC}") = "025_CastDemo", "025_CastDemo\025_CastDemo.csproj", "{9ABB2E3D-8B86-4519-A125-AEB7296439D6}"
EndProject
Project("{FAE04EC0-301F-11D3-BF4B-00C04F79EFBC}") = "026_PromDemo", "026_PromDemo\026_PromDemo.csproj", "{D06905F3-0EFA-4F06-AA41-EC4366931DD8}"
EndProject
Project("{FAE04EC0-301F-11D3-BF4B-00C04F79EFBC}") = "027_CastExpr", "027_CastExpr\027_CastExpr.csproj", "{1B9D27FA-9688-429C-9012-0A440892CFDF}"
EndProject
Global
	GlobalSection(SolutionConfigurationPlatforms) = preSolution
		Debug|Any CPU = Debug|Any CPU
		Release|Any CPU = Release|Any CPU
	EndGlobalSection
	GlobalSection(ProjectConfigurationPlatforms) = postSolution
		{B95D60C4-D405-4633-889E-7E59C750824F}.Debug|Any CPU.ActiveCfg = Debug|Any CPU
		{B95D60C4-D405-4633-889E-7E59C750824F}.Debug|Any CPU.Build.0 = Debug|Any CPU
		{B95D60C4-D405-4633-889E-7E59C750824F}.Release|Any CPU.ActiveCfg = Release|Any CPU
		{B95D60C4-D405-4633-889E-7E59C750824F}.Release|Any CPU.Build.0 = Release|Any CPU
		{F5773274-E19B-40EA-9A5C-14C11580338B}.Debug|Any CPU.ActiveCfg = Debug|Any CPU
		{F5773274-E19B-40EA-9A5C-14C11580338B}.Debug|Any CPU.Build.0 = Debug|Any CPU
		{F5773274-E19B-40EA-9A5C-14C11580338B}.Release|Any CPU.ActiveCfg = Release|Any CPU
		{F5773274-E19B-40EA-9A5C-14C11580338B}.Release|Any CPU.Build.0 = Release|Any CPU
		{2FF41A7B-BAB7-4AA8-943A-EB8BCFB633D6}.Debug|Any CPU.ActiveCfg = Debug|Any CPU
		{2FF41A7B-BAB7-4AA8-943A-EB8BCFB633D6}.Debug|Any CPU.Build.0 = Debug|Any CPU
		{2FF41A7B-BAB7-4AA8-943A-EB8BCFB633D6}.Release|Any CPU.ActiveCfg = Release|Any CPU
		{2FF41A7B-BAB7-4AA8-943A-EB8BCFB633D6}.Release|Any CPU.Build.0 = Release|Any CPU
		{89C22CAC-5C7F-450E-A7D2-B6FC23A6EA4F}.Debug|Any CPU.ActiveCfg = Debug|Any CPU
		{89C22CAC-5C7F-450E-A7D2-B6FC23A6EA4F}.Debug|Any CPU.Build.0 = Debug|Any CPU
		{89C22CAC-5C7F-450E-A7D2-B6FC23A6EA4F}.Release|Any CPU.ActiveCfg = Release|Any CPU
		{89C22CAC-5C7F-450E-A7D2-B6FC23A6EA4F}.Release|Any CPU.Build.0 = Release|Any CPU
		{9B412FE3-D485-4327-A8C3-8A14CD4701BA}.Debug|Any CPU.ActiveCfg = Debug|Any CPU
		{9B412FE3-D485-4327-A8C3-8A14CD4701BA}.Debug|Any CPU.Build.0 = Debug|Any CPU
		{9B412FE3-D485-4327-A8C3-8A14CD4701BA}.Release|Any CPU.ActiveCfg = Release|Any CPU
		{9B412FE3-D485-4327-A8C3-8A14CD4701BA}.Release|Any CPU.Build.0 = Release|Any CPU
		{C1885022-9510-49D8-9BB4-E11D3B56B39E}.Debug|Any CPU.ActiveCfg = Debug|Any CPU
		{C1885022-9510-49D8-9BB4-E11D3B56B39E}.Debug|Any CPU.Build.0 = Debug|Any CPU
		{C1885022-9510-49D8-9BB4-E11D3B56B39E}.Release|Any CPU.ActiveCfg = Release|Any CPU
		{C1885022-9510-49D8-9BB4-E11D3B56B39E}.Release|Any CPU.Build.0 = Release|Any CPU
		{EC5859CB-F7C7-41A9-A886-99479BAB4B81}.Debug|Any CPU.ActiveCfg = Debug|Any CPU
		{EC5859CB-F7C7-41A9-A886-99479BAB4B81}.Debug|Any CPU.Build.0 = Debug|Any CPU
		{EC5859CB-F7C7-41A9-A886-99479BAB4B81}.Release|Any CPU.ActiveCfg = Release|Any CPU
		{EC5859CB-F7C7-41A9-A886-99479BAB4B81}.Release|Any CPU.Build.0 = Release|Any CPU
		{AD5E1531-1E77-4BD2-A2FF-90541D2FCAC9}.Debug|Any CPU.ActiveCfg = Debug|Any CPU
		{AD5E1531-1E77-4BD2-A2FF-90541D2FCAC9}.Debug|Any CPU.Build.0 = Debug|Any CPU
		{AD5E1531-1E77-4BD2-A2FF-90541D2FCAC9}.Release|Any CPU.ActiveCfg = Release|Any CPU
		{AD5E1531-1E77-4BD2-A2FF-90541D2FCAC9}.Release|Any CPU.Build.0 = Release|Any CPU
		{019A9DE8-87E5-4CBD-A360-94AF27E2D0A8}.Debug|Any CPU.ActiveCfg = Debug|Any CPU
		{019A9DE8-87E5-4CBD-A360-94AF27E2D0A8}.Debug|Any CPU.Build.0 = Debug|Any CPU
		{019A9DE8-87E5-4CBD-A360-94AF27E2D0A8}.Release|Any CPU.ActiveCfg = Release|Any CPU
		{019A9DE8-87E5-4CBD-A360-94AF27E2D0A8}.Release|Any CPU.Build.0 = Release|Any CPU
		{BAFF2F18-BF96-49C7-81E8-2F9D88FF68C2}.Debug|Any CPU.ActiveCfg = Debug|Any CPU
		{BAFF2F18-BF96-49C7-81E8-2F9D88FF68C2}.Debug|Any CPU.Build.0 = Debug|Any CPU
		{BAFF2F18-BF96-49C7-81E8-2F9D88FF68C2}.Release|Any CPU.ActiveCfg = Release|Any CPU
		{BAFF2F18-BF96-49C7-81E8-2F9D88FF68C2}.Release|Any CPU.Build.0 = Release|Any CPU
		{1BB317A7-897B-44C6-B7A9-07CA333FB453}.Debug|Any CPU.ActiveCfg = Debug|Any CPU
		{1BB317A7-897B-44C6-B7A9-07CA333FB453}.Debug|Any CPU.Build.0 = Debug|Any CPU
		{1BB317A7-897B-44C6-B7A9-07CA333FB453}.Release|Any CPU.ActiveCfg = Release|Any CPU
		{1BB317A7-897B-44C6-B7A9-07CA333FB453}.Release|Any CPU.Build.0 = Release|Any CPU
		{8C29E0DB-A638-4671-9255-0CC91187E511}.Debug|Any CPU.ActiveCfg = Debug|Any CPU
		{8C29E0DB-A638-4671-9255-0CC91187E511}.Debug|Any CPU.Build.0 = Debug|Any CPU
		{8C29E0DB-A638-4671-9255-0CC91187E511}.Release|Any CPU.ActiveCfg = Release|Any CPU
		{8C29E0DB-A638-4671-9255-0CC91187E511}.Release|Any CPU.Build.0 = Release|Any CPU
		{30D7830F-563B-432F-B502-283D89F5AACC}.Debug|Any CPU.ActiveCfg = Debug|Any CPU
		{30D7830F-563B-432F-B502-283D89F5AACC}.Debug|Any CPU.Build.0 = Debug|Any CPU
		{30D7830F-563B-432F-B502-283D89F5AACC}.Release|Any CPU.ActiveCfg = Release|Any CPU
		{30D7830F-563B-432F-B502-283D89F5AACC}.Release|Any CPU.Build.0 = Release|Any CPU
		{25AB6306-C364-43CE-B5E3-D3DED98D9DE3}.Debug|Any CPU.ActiveCfg = Debug|Any CPU
		{25AB6306-C364-43CE-B5E3-D3DED98D9DE3}.Debug|Any CPU.Build.0 = Debug|Any CPU
		{25AB6306-C364-43CE-B5E3-D3DED98D9DE3}.Release|Any CPU.ActiveCfg = Release|Any CPU
		{25AB6306-C364-43CE-B5E3-D3DED98D9DE3}.Release|Any CPU.Build.0 = Release|Any CPU
		{DCB7BB9F-A0B9-4D4F-AC1B-159B2D000974}.Debug|Any CPU.ActiveCfg = Debug|Any CPU
		{DCB7BB9F-A0B9-4D4F-AC1B-159B2D000974}.Debug|Any CPU.Build.0 = Debug|Any CPU
		{DCB7BB9F-A0B9-4D4F-AC1B-159B2D000974}.Release|Any CPU.ActiveCfg = Release|Any CPU
		{DCB7BB9F-A0B9-4D4F-AC1B-159B2D000974}.Release|Any CPU.Build.0 = Release|Any CPU
		{FFD01FBC-6093-458F-831D-6220369308CD}.Debug|Any CPU.ActiveCfg = Debug|Any CPU
		{FFD01FBC-6093-458F-831D-6220369308CD}.Debug|Any CPU.Build.0 = Debug|Any CPU
		{FFD01FBC-6093-458F-831D-6220369308CD}.Release|Any CPU.ActiveCfg = Release|Any CPU
		{FFD01FBC-6093-458F-831D-6220369308CD}.Release|Any CPU.Build.0 = Release|Any CPU
		{BFB7808C-3425-4152-BCD3-3833EAA4F5C0}.Debug|Any CPU.ActiveCfg = Debug|Any CPU
		{BFB7808C-3425-4152-BCD3-3833EAA4F5C0}.Debug|Any CPU.Build.0 = Debug|Any CPU
		{BFB7808C-3425-4152-BCD3-3833EAA4F5C0}.Release|Any CPU.ActiveCfg = Release|Any CPU
		{BFB7808C-3425-4152-BCD3-3833EAA4F5C0}.Release|Any CPU.Build.0 = Release|Any CPU
		{E39CEE18-9A4D-49F6-8CD0-6386796B5D30}.Debug|Any CPU.ActiveCfg = Debug|Any CPU
		{E39CEE18-9A4D-49F6-8CD0-6386796B5D30}.Debug|Any CPU.Build.0 = Debug|Any CPU
		{E39CEE18-9A4D-49F6-8CD0-6386796B5D30}.Release|Any CPU.ActiveCfg = Release|Any CPU
		{E39CEE18-9A4D-49F6-8CD0-6386796B5D30}.Release|Any CPU.Build.0 = Release|Any CPU
		{085E790B-D730-4503-8571-4B03C41B319C}.Debug|Any CPU.ActiveCfg = Debug|Any CPU
		{085E790B-D730-4503-8571-4B03C41B319C}.Debug|Any CPU.Build.0 = Debug|Any CPU
		{085E790B-D730-4503-8571-4B03C41B319C}.Release|Any CPU.ActiveCfg = Release|Any CPU
		{085E790B-D730-4503-8571-4B03C41B319C}.Release|Any CPU.Build.0 = Release|Any CPU
		{90EA0D7D-27CE-4D2D-9FE7-62040D2617AB}.Debug|Any CPU.ActiveCfg = Debug|Any CPU
		{90EA0D7D-27CE-4D2D-9FE7-62040D2617AB}.Debug|Any CPU.Build.0 = Debug|Any CPU
		{90EA0D7D-27CE-4D2D-9FE7-62040D2617AB}.Release|Any CPU.ActiveCfg = Release|Any CPU
		{90EA0D7D-27CE-4D2D-9FE7-62040D2617AB}.Release|Any CPU.Build.0 = Release|Any CPU
		{86FB123B-D084-48FF-99DF-DE95C0CBB653}.Debug|Any CPU.ActiveCfg = Debug|Any CPU
		{86FB123B-D084-48FF-99DF-DE95C0CBB653}.Debug|Any CPU.Build.0 = Debug|Any CPU
		{86FB123B-D084-48FF-99DF-DE95C0CBB653}.Release|Any CPU.ActiveCfg = Release|Any CPU
		{86FB123B-D084-48FF-99DF-DE95C0CBB653}.Release|Any CPU.Build.0 = Release|Any CPU
		{5E16DF40-1AB9-4EF1-8CDE-69D3BD3F6413}.Debug|Any CPU.ActiveCfg = Debug|Any CPU
		{5E16DF40-1AB9-4EF1-8CDE-69D3BD3F6413}.Debug|Any CPU.Build.0 = Debug|Any CPU
		{5E16DF40-1AB9-4EF1-8CDE-69D3BD3F6413}.Release|Any CPU.ActiveCfg = Release|Any CPU
		{5E16DF40-1AB9-4EF1-8CDE-69D3BD3F6413}.Release|Any CPU.Build.0 = Release|Any CPU
		{F3ACFC43-B6C6-498B-AE2E-82FEA0C46D74}.Debug|Any CPU.ActiveCfg = Debug|Any CPU
		{F3ACFC43-B6C6-498B-AE2E-82FEA0C46D74}.Debug|Any CPU.Build.0 = Debug|Any CPU
		{F3ACFC43-B6C6-498B-AE2E-82FEA0C46D74}.Release|Any CPU.ActiveCfg = Release|Any CPU
		{F3ACFC43-B6C6-498B-AE2E-82FEA0C46D74}.Release|Any CPU.Build.0 = Release|Any CPU
		{09C6CC44-77C5-4204-8D1A-493267881F48}.Debug|Any CPU.ActiveCfg = Debug|Any CPU
		{09C6CC44-77C5-4204-8D1A-493267881F48}.Debug|Any CPU.Build.0 = Debug|Any CPU
		{09C6CC44-77C5-4204-8D1A-493267881F48}.Release|Any CPU.ActiveCfg = Release|Any CPU
		{09C6CC44-77C5-4204-8D1A-493267881F48}.Release|Any CPU.Build.0 = Release|Any CPU
		{F5DC853A-B9D8-45AB-A61F-7FDE9437F05E}.Debug|Any CPU.ActiveCfg = Debug|Any CPU
		{F5DC853A-B9D8-45AB-A61F-7FDE9437F05E}.Debug|Any CPU.Build.0 = Debug|Any CPU
		{F5DC853A-B9D8-45AB-A61F-7FDE9437F05E}.Release|Any CPU.ActiveCfg = Release|Any CPU
		{F5DC853A-B9D8-45AB-A61F-7FDE9437F05E}.Release|Any CPU.Build.0 = Release|Any CPU
		{9ABB2E3D-8B86-4519-A125-AEB7296439D6}.Debug|Any CPU.ActiveCfg = Debug|Any CPU
		{9ABB2E3D-8B86-4519-A125-AEB7296439D6}.Debug|Any CPU.Build.0 = Debug|Any CPU
		{9ABB2E3D-8B86-4519-A125-AEB7296439D6}.Release|Any CPU.ActiveCfg = Release|Any CPU
		{9ABB2E3D-8B86-4519-A125-AEB7296439D6}.Release|Any CPU.Build.0 = Release|Any CPU
		{D06905F3-0EFA-4F06-AA41-EC4366931DD8}.Debug|Any CPU.ActiveCfg = Debug|Any CPU
		{D06905F3-0EFA-4F06-AA41-EC4366931DD8}.Debug|Any CPU.Build.0 = Debug|Any CPU
		{D06905F3-0EFA-4F06-AA41-EC4366931DD8}.Release|Any CPU.ActiveCfg = Release|Any CPU
		{D06905F3-0EFA-4F06-AA41-EC4366931DD8}.Release|Any CPU.Build.0 = Release|Any CPU
		{1B9D27FA-9688-429C-9012-0A440892CFDF}.Debug|Any CPU.ActiveCfg = Debug|Any CPU
		{1B9D27FA-9688-429C-9012-0A440892CFDF}.Debug|Any CPU.Build.0 = Debug|Any CPU
		{1B9D27FA-9688-429C-9012-0A440892CFDF}.Release|Any CPU.ActiveCfg = Release|Any CPU
		{1B9D27FA-9688-429C-9012-0A440892CFDF}.Release|Any CPU.Build.0 = Release|Any CPU
	EndGlobalSection
	GlobalSection(SolutionProperties) = preSolution
		HideSolutionNode = FALSE
	EndGlobalSection
	GlobalSection(ExtensibilityGlobals) = postSolution
		SolutionGuid = {26302333-D51A-4110-B504-6288B71BEFAF}
	EndGlobalSection
EndGlobal
